
Microsoft Visual Studio Solution File, Format Version 12.00
# Visual Studio Version 16
VisualStudioVersion = 16.0.30114.105
MinimumVisualStudioVersion = 10.0.40219.1
Project("{FAE04EC0-301F-11D3-BF4B-00C04F79EFBC}") = "DebitCard_server", "DebitCard_server\DebitCard_server.csproj", "{1315B299-F2D8-49E8-B91C-42B500B6F4A8}"
EndProject
Global
	GlobalSection(SolutionConfigurationPlatforms) = preSolution
		Debug|Any CPU = Debug|Any CPU
		Release|Any CPU = Release|Any CPU
	EndGlobalSection
	GlobalSection(ProjectConfigurationPlatforms) = postSolution
		{1315B299-F2D8-49E8-B91C-42B500B6F4A8}.Debug|Any CPU.ActiveCfg = Debug|Any CPU
		{1315B299-F2D8-49E8-B91C-42B500B6F4A8}.Debug|Any CPU.Build.0 = Debug|Any CPU
		{1315B299-F2D8-49E8-B91C-42B500B6F4A8}.Release|Any CPU.ActiveCfg = Release|Any CPU
		{1315B299-F2D8-49E8-B91C-42B500B6F4A8}.Release|Any CPU.Build.0 = Release|Any CPU
	EndGlobalSection
	GlobalSection(SolutionProperties) = preSolution
		HideSolutionNode = FALSE
	EndGlobalSection
	GlobalSection(ExtensibilityGlobals) = postSolution
		SolutionGuid = {CAB80275-C9D9-4D7C-B286-039996321CA9}
	EndGlobalSection
EndGlobal
